// !$*UTF8*$!
{
	archiveVersion = 1;
	classes = {
	};
	objectVersion = 50;
	objects = {

/* Begin PBXBuildFile section */
		432029512683B8F100435F3C /* StorageManager.swift in Sources */ = {isa = PBXBuildFile; fileRef = 432029502683B8F100435F3C /* StorageManager.swift */; };
		4378881126986D4700CAE692 /* InTreningProcess.swift in Sources */ = {isa = PBXBuildFile; fileRef = 4378881026986D4700CAE692 /* InTreningProcess.swift */; };
		43788813269D7A3400CAE692 /* СhooseеTrenig.swift in Sources */ = {isa = PBXBuildFile; fileRef = 43788812269D7A3400CAE692 /* СhooseеTrenig.swift */; };
		43788815269E2AC100CAE692 /* ViewTreningHistory.swift in Sources */ = {isa = PBXBuildFile; fileRef = 43788814269E2AC100CAE692 /* ViewTreningHistory.swift */; };
		43D9013526808136002A5BDC /* TreningApp.swift in Sources */ = {isa = PBXBuildFile; fileRef = 43D9013426808136002A5BDC /* TreningApp.swift */; };
		43D9013726808136002A5BDC /* DetailsView.swift in Sources */ = {isa = PBXBuildFile; fileRef = 43D9013626808136002A5BDC /* DetailsView.swift */; };
		43D9013926808138002A5BDC /* Assets.xcassets in Resources */ = {isa = PBXBuildFile; fileRef = 43D9013826808138002A5BDC /* Assets.xcassets */; };
		43D9013C26808138002A5BDC /* Preview Assets.xcassets in Resources */ = {isa = PBXBuildFile; fileRef = 43D9013B26808138002A5BDC /* Preview Assets.xcassets */; };
		43D901442680C2F9002A5BDC /* HistoryTreningView.swift in Sources */ = {isa = PBXBuildFile; fileRef = 43D901432680C2F9002A5BDC /* HistoryTreningView.swift */; };
		43D901462680C412002A5BDC /* InputHeadUpView.swift in Sources */ = {isa = PBXBuildFile; fileRef = 43D901452680C412002A5BDC /* InputHeadUpView.swift */; };
		43D901482680D14F002A5BDC /* DataModel.swift in Sources */ = {isa = PBXBuildFile; fileRef = 43D901472680D14F002A5BDC /* DataModel.swift */; };
		43D9014B26826827002A5BDC /* ViewTypeTrening.swift in Sources */ = {isa = PBXBuildFile; fileRef = 43D9014A26826827002A5BDC /* ViewTypeTrening.swift */; };
		43D9014D26826ED5002A5BDC /* DataManager.swift in Sources */ = {isa = PBXBuildFile; fileRef = 43D9014C26826ED5002A5BDC /* DataManager.swift */; };
		43E0FC27269495DA00182757 /* StartView.swift in Sources */ = {isa = PBXBuildFile; fileRef = 43E0FC26269495DA00182757 /* StartView.swift */; };
		43E0FC2A2694968D00182757 /* Details.swift in Sources */ = {isa = PBXBuildFile; fileRef = 43E0FC292694968D00182757 /* Details.swift */; };
		43E0FC2C26949AD300182757 /* InTreningTypeView.swift in Sources */ = {isa = PBXBuildFile; fileRef = 43E0FC2B26949AD300182757 /* InTreningTypeView.swift */; };
		43E0FC2E26949FD100182757 /* ShowTypeTrening.swift in Sources */ = {isa = PBXBuildFile; fileRef = 43E0FC2D26949FD100182757 /* ShowTypeTrening.swift */; };
		43E0FC302695A65F00182757 /* TreningRow.swift in Sources */ = {isa = PBXBuildFile; fileRef = 43E0FC2F2695A65E00182757 /* TreningRow.swift */; };
		C113FDF226BF104C00C4A3B5 /* ButtonStartView.swift in Sources */ = {isa = PBXBuildFile; fileRef = C113FDF126BF104C00C4A3B5 /* ButtonStartView.swift */; };
		C113FDF426BF16D800C4A3B5 /* ButtonAction.swift in Sources */ = {isa = PBXBuildFile; fileRef = C113FDF326BF16D800C4A3B5 /* ButtonAction.swift */; };
		C116F41D268F9FE8006A4F7B /* ScreenView.swift in Sources */ = {isa = PBXBuildFile; fileRef = C116F41C268F9FE8006A4F7B /* ScreenView.swift */; };
		C116F421268FA543006A4F7B /* AddTypeView.swift in Sources */ = {isa = PBXBuildFile; fileRef = C116F420268FA543006A4F7B /* AddTypeView.swift */; };
/* End PBXBuildFile section */

/* Begin PBXFileReference section */
		432029502683B8F100435F3C /* StorageManager.swift */ = {isa = PBXFileReference; lastKnownFileType = sourcecode.swift; path = StorageManager.swift; sourceTree = "<group>"; };
		4378881026986D4700CAE692 /* InTreningProcess.swift */ = {isa = PBXFileReference; lastKnownFileType = sourcecode.swift; path = InTreningProcess.swift; sourceTree = "<group>"; };
		43788812269D7A3400CAE692 /* СhooseеTrenig.swift */ = {isa = PBXFileReference; lastKnownFileType = sourcecode.swift; path = "СhooseеTrenig.swift"; sourceTree = "<group>"; };
		43788814269E2AC100CAE692 /* ViewTreningHistory.swift */ = {isa = PBXFileReference; lastKnownFileType = sourcecode.swift; path = ViewTreningHistory.swift; sourceTree = "<group>"; };
		43D9013126808136002A5BDC /* Trening.app */ = {isa = PBXFileReference; explicitFileType = wrapper.application; includeInIndex = 0; path = Trening.app; sourceTree = BUILT_PRODUCTS_DIR; };
		43D9013426808136002A5BDC /* TreningApp.swift */ = {isa = PBXFileReference; lastKnownFileType = sourcecode.swift; path = TreningApp.swift; sourceTree = "<group>"; };
		43D9013626808136002A5BDC /* DetailsView.swift */ = {isa = PBXFileReference; lastKnownFileType = sourcecode.swift; path = DetailsView.swift; sourceTree = "<group>"; };
		43D9013826808138002A5BDC /* Assets.xcassets */ = {isa = PBXFileReference; lastKnownFileType = folder.assetcatalog; path = Assets.xcassets; sourceTree = "<group>"; };
		43D9013B26808138002A5BDC /* Preview Assets.xcassets */ = {isa = PBXFileReference; lastKnownFileType = folder.assetcatalog; path = "Preview Assets.xcassets"; sourceTree = "<group>"; };
		43D9013D26808138002A5BDC /* Info.plist */ = {isa = PBXFileReference; lastKnownFileType = text.plist.xml; path = Info.plist; sourceTree = "<group>"; };
		43D901432680C2F9002A5BDC /* HistoryTreningView.swift */ = {isa = PBXFileReference; lastKnownFileType = sourcecode.swift; path = HistoryTreningView.swift; sourceTree = "<group>"; };
		43D901452680C412002A5BDC /* InputHeadUpView.swift */ = {isa = PBXFileReference; lastKnownFileType = sourcecode.swift; path = InputHeadUpView.swift; sourceTree = "<group>"; };
		43D901472680D14F002A5BDC /* DataModel.swift */ = {isa = PBXFileReference; lastKnownFileType = sourcecode.swift; path = DataModel.swift; sourceTree = "<group>"; };
		43D9014A26826827002A5BDC /* ViewTypeTrening.swift */ = {isa = PBXFileReference; lastKnownFileType = sourcecode.swift; path = ViewTypeTrening.swift; sourceTree = "<group>"; };
		43D9014C26826ED5002A5BDC /* DataManager.swift */ = {isa = PBXFileReference; lastKnownFileType = sourcecode.swift; path = DataManager.swift; sourceTree = "<group>"; };
		43E0FC26269495DA00182757 /* StartView.swift */ = {isa = PBXFileReference; lastKnownFileType = sourcecode.swift; path = StartView.swift; sourceTree = "<group>"; };
		43E0FC292694968D00182757 /* Details.swift */ = {isa = PBXFileReference; lastKnownFileType = sourcecode.swift; path = Details.swift; sourceTree = "<group>"; };
		43E0FC2B26949AD300182757 /* InTreningTypeView.swift */ = {isa = PBXFileReference; lastKnownFileType = sourcecode.swift; path = InTreningTypeView.swift; sourceTree = "<group>"; };
		43E0FC2D26949FD100182757 /* ShowTypeTrening.swift */ = {isa = PBXFileReference; lastKnownFileType = sourcecode.swift; path = ShowTypeTrening.swift; sourceTree = "<group>"; };
		43E0FC2F2695A65E00182757 /* TreningRow.swift */ = {isa = PBXFileReference; lastKnownFileType = sourcecode.swift; path = TreningRow.swift; sourceTree = "<group>"; };
		C113FDF126BF104C00C4A3B5 /* ButtonStartView.swift */ = {isa = PBXFileReference; lastKnownFileType = sourcecode.swift; path = ButtonStartView.swift; sourceTree = "<group>"; };
		C113FDF326BF16D800C4A3B5 /* ButtonAction.swift */ = {isa = PBXFileReference; lastKnownFileType = sourcecode.swift; path = ButtonAction.swift; sourceTree = "<group>"; };
		C116F41C268F9FE8006A4F7B /* ScreenView.swift */ = {isa = PBXFileReference; lastKnownFileType = sourcecode.swift; path = ScreenView.swift; sourceTree = "<group>"; };
		C116F420268FA543006A4F7B /* AddTypeView.swift */ = {isa = PBXFileReference; lastKnownFileType = sourcecode.swift; path = AddTypeView.swift; sourceTree = "<group>"; };
/* End PBXFileReference section */

/* Begin PBXFrameworksBuildPhase section */
		43D9012E26808136002A5BDC /* Frameworks */ = {
			isa = PBXFrameworksBuildPhase;
			buildActionMask = 2147483647;
			files = (
			);
			runOnlyForDeploymentPostprocessing = 0;
		};
/* End PBXFrameworksBuildPhase section */

/* Begin PBXGroup section */
		43D9012826808136002A5BDC = {
			isa = PBXGroup;
			children = (
				43D9013326808136002A5BDC /* Trening */,
				43D9013226808136002A5BDC /* Products */,
			);
			sourceTree = "<group>";
		};
		43D9013226808136002A5BDC /* Products */ = {
			isa = PBXGroup;
			children = (
				43D9013126808136002A5BDC /* Trening.app */,
			);
			name = Products;
			sourceTree = "<group>";
		};
		43D9013326808136002A5BDC /* Trening */ = {
			isa = PBXGroup;
			children = (
				43D9013426808136002A5BDC /* TreningApp.swift */,
				C116F41B268DFADF006A4F7B /* Models */,
				43E0FC282694966100182757 /* Views */,
				43E0FC25269495B400182757 /* Old */,
				C116F41A268DFAA6006A4F7B /* Services */,
				43D9013826808138002A5BDC /* Assets.xcassets */,
				43D9013D26808138002A5BDC /* Info.plist */,
				43D9013A26808138002A5BDC /* Preview Content */,
			);
			path = Trening;
			sourceTree = "<group>";
		};
		43D9013A26808138002A5BDC /* Preview Content */ = {
			isa = PBXGroup;
			children = (
				43D9013B26808138002A5BDC /* Preview Assets.xcassets */,
			);
			path = "Preview Content";
			sourceTree = "<group>";
		};
		43D901492681CDC5002A5BDC /* Views */ = {
			isa = PBXGroup;
			children = (
				C116F41C268F9FE8006A4F7B /* ScreenView.swift */,
				43D9013626808136002A5BDC /* DetailsView.swift */,
				C116F420268FA543006A4F7B /* AddTypeView.swift */,
				43D9014A26826827002A5BDC /* ViewTypeTrening.swift */,
				43D901452680C412002A5BDC /* InputHeadUpView.swift */,
				43D901432680C2F9002A5BDC /* HistoryTreningView.swift */,
			);
			path = Views;
			sourceTree = "<group>";
		};
		43E0FC25269495B400182757 /* Old */ = {
			isa = PBXGroup;
			children = (
				43D901492681CDC5002A5BDC /* Views */,
			);
			path = Old;
			sourceTree = "<group>";
		};
		43E0FC282694966100182757 /* Views */ = {
			isa = PBXGroup;
			children = (
				43E0FC26269495DA00182757 /* StartView.swift */,
				43E0FC2B26949AD300182757 /* InTreningTypeView.swift */,
				43E0FC2D26949FD100182757 /* ShowTypeTrening.swift */,
				43E0FC2F2695A65E00182757 /* TreningRow.swift */,
				43E0FC292694968D00182757 /* Details.swift */,
				43788812269D7A3400CAE692 /* СhooseеTrenig.swift */,
				4378881026986D4700CAE692 /* InTreningProcess.swift */,
				43788814269E2AC100CAE692 /* ViewTreningHistory.swift */,
				C113FDF126BF104C00C4A3B5 /* ButtonStartView.swift */,
				C113FDF326BF16D800C4A3B5 /* ButtonAction.swift */,
			);
			path = Views;
			sourceTree = "<group>";
		};
		C116F41A268DFAA6006A4F7B /* Services */ = {
			isa = PBXGroup;
			children = (
				432029502683B8F100435F3C /* StorageManager.swift */,
			);
			path = Services;
			sourceTree = "<group>";
		};
		C116F41B268DFADF006A4F7B /* Models */ = {
			isa = PBXGroup;
			children = (
				43D9014C26826ED5002A5BDC /* DataManager.swift */,
				43D901472680D14F002A5BDC /* DataModel.swift */,
			);
			path = Models;
			sourceTree = "<group>";
		};
/* End PBXGroup section */

/* Begin PBXNativeTarget section */
		43D9013026808136002A5BDC /* Trening */ = {
			isa = PBXNativeTarget;
			buildConfigurationList = 43D9014026808138002A5BDC /* Build configuration list for PBXNativeTarget "Trening" */;
			buildPhases = (
				43D9012D26808136002A5BDC /* Sources */,
				43D9012E26808136002A5BDC /* Frameworks */,
				43D9012F26808136002A5BDC /* Resources */,
			);
			buildRules = (
			);
			dependencies = (
			);
			name = Trening;
			productName = Trening;
			productReference = 43D9013126808136002A5BDC /* Trening.app */;
			productType = "com.apple.product-type.application";
		};
/* End PBXNativeTarget section */

/* Begin PBXProject section */
		43D9012926808136002A5BDC /* Project object */ = {
			isa = PBXProject;
			attributes = {
				LastSwiftUpdateCheck = 1250;
				LastUpgradeCheck = 1250;
				TargetAttributes = {
					43D9013026808136002A5BDC = {
						CreatedOnToolsVersion = 12.5;
					};
				};
			};
			buildConfigurationList = 43D9012C26808136002A5BDC /* Build configuration list for PBXProject "Trening" */;
			compatibilityVersion = "Xcode 9.3";
			developmentRegion = en;
			hasScannedForEncodings = 0;
			knownRegions = (
				en,
				Base,
			);
			mainGroup = 43D9012826808136002A5BDC;
			productRefGroup = 43D9013226808136002A5BDC /* Products */;
			projectDirPath = "";
			projectRoot = "";
			targets = (
				43D9013026808136002A5BDC /* Trening */,
			);
		};
/* End PBXProject section */

/* Begin PBXResourcesBuildPhase section */
		43D9012F26808136002A5BDC /* Resources */ = {
			isa = PBXResourcesBuildPhase;
			buildActionMask = 2147483647;
			files = (
				43D9013C26808138002A5BDC /* Preview Assets.xcassets in Resources */,
				43D9013926808138002A5BDC /* Assets.xcassets in Resources */,
			);
			runOnlyForDeploymentPostprocessing = 0;
		};
/* End PBXResourcesBuildPhase section */

/* Begin PBXSourcesBuildPhase section */
		43D9012D26808136002A5BDC /* Sources */ = {
			isa = PBXSourcesBuildPhase;
			buildActionMask = 2147483647;
			files = (
				43D901482680D14F002A5BDC /* DataModel.swift in Sources */,
				43E0FC302695A65F00182757 /* TreningRow.swift in Sources */,
				43E0FC27269495DA00182757 /* StartView.swift in Sources */,
				43E0FC2A2694968D00182757 /* Details.swift in Sources */,
				43D901442680C2F9002A5BDC /* HistoryTreningView.swift in Sources */,
				C113FDF226BF104C00C4A3B5 /* ButtonStartView.swift in Sources */,
				43E0FC2E26949FD100182757 /* ShowTypeTrening.swift in Sources */,
				C116F421268FA543006A4F7B /* AddTypeView.swift in Sources */,
				43D901462680C412002A5BDC /* InputHeadUpView.swift in Sources */,
				C116F41D268F9FE8006A4F7B /* ScreenView.swift in Sources */,
				43D9014D26826ED5002A5BDC /* DataManager.swift in Sources */,
				43E0FC2C26949AD300182757 /* InTreningTypeView.swift in Sources */,
				43D9014B26826827002A5BDC /* ViewTypeTrening.swift in Sources */,
				43D9013726808136002A5BDC /* DetailsView.swift in Sources */,
				43788813269D7A3400CAE692 /* СhooseеTrenig.swift in Sources */,
				43D9013526808136002A5BDC /* TreningApp.swift in Sources */,
				4378881126986D4700CAE692 /* InTreningProcess.swift in Sources */,
				43788815269E2AC100CAE692 /* ViewTreningHistory.swift in Sources */,
				432029512683B8F100435F3C /* StorageManager.swift in Sources */,
				C113FDF426BF16D800C4A3B5 /* ButtonAction.swift in Sources */,
			);
			runOnlyForDeploymentPostprocessing = 0;
		};
/* End PBXSourcesBuildPhase section */

/* Begin XCBuildConfiguration section */
		43D9013E26808138002A5BDC /* Debug */ = {
			isa = XCBuildConfiguration;
			buildSettings = {
				ALWAYS_SEARCH_USER_PATHS = NO;
				CLANG_ANALYZER_NONNULL = YES;
				CLANG_ANALYZER_NUMBER_OBJECT_CONVERSION = YES_AGGRESSIVE;
				CLANG_CXX_LANGUAGE_STANDARD = "gnu++14";
				CLANG_CXX_LIBRARY = "libc++";
				CLANG_ENABLE_MODULES = YES;
				CLANG_ENABLE_OBJC_ARC = YES;
				CLANG_ENABLE_OBJC_WEAK = YES;
				CLANG_WARN_BLOCK_CAPTURE_AUTORELEASING = YES;
				CLANG_WARN_BOOL_CONVERSION = YES;
				CLANG_WARN_COMMA = YES;
				CLANG_WARN_CONSTANT_CONVERSION = YES;
				CLANG_WARN_DEPRECATED_OBJC_IMPLEMENTATIONS = YES;
				CLANG_WARN_DIRECT_OBJC_ISA_USAGE = YES_ERROR;
				CLANG_WARN_DOCUMENTATION_COMMENTS = YES;
				CLANG_WARN_EMPTY_BODY = YES;
				CLANG_WARN_ENUM_CONVERSION = YES;
				CLANG_WARN_INFINITE_RECURSION = YES;
				CLANG_WARN_INT_CONVERSION = YES;
				CLANG_WARN_NON_LITERAL_NULL_CONVERSION = YES;
				CLANG_WARN_OBJC_IMPLICIT_RETAIN_SELF = YES;
				CLANG_WARN_OBJC_LITERAL_CONVERSION = YES;
				CLANG_WARN_OBJC_ROOT_CLASS = YES_ERROR;
				CLANG_WARN_QUOTED_INCLUDE_IN_FRAMEWORK_HEADER = YES;
				CLANG_WARN_RANGE_LOOP_ANALYSIS = YES;
				CLANG_WARN_STRICT_PROTOTYPES = YES;
				CLANG_WARN_SUSPICIOUS_MOVE = YES;
				CLANG_WARN_UNGUARDED_AVAILABILITY = YES_AGGRESSIVE;
				CLANG_WARN_UNREACHABLE_CODE = YES;
				CLANG_WARN__DUPLICATE_METHOD_MATCH = YES;
				COPY_PHASE_STRIP = NO;
				DEBUG_INFORMATION_FORMAT = dwarf;
				ENABLE_STRICT_OBJC_MSGSEND = YES;
				ENABLE_TESTABILITY = YES;
				GCC_C_LANGUAGE_STANDARD = gnu11;
				GCC_DYNAMIC_NO_PIC = NO;
				GCC_NO_COMMON_BLOCKS = YES;
				GCC_OPTIMIZATION_LEVEL = 0;
				GCC_PREPROCESSOR_DEFINITIONS = (
					"DEBUG=1",
					"$(inherited)",
				);
				GCC_WARN_64_TO_32_BIT_CONVERSION = YES;
				GCC_WARN_ABOUT_RETURN_TYPE = YES_ERROR;
				GCC_WARN_UNDECLARED_SELECTOR = YES;
				GCC_WARN_UNINITIALIZED_AUTOS = YES_AGGRESSIVE;
				GCC_WARN_UNUSED_FUNCTION = YES;
				GCC_WARN_UNUSED_VARIABLE = YES;
				IPHONEOS_DEPLOYMENT_TARGET = 14.5;
				MTL_ENABLE_DEBUG_INFO = INCLUDE_SOURCE;
				MTL_FAST_MATH = YES;
				ONLY_ACTIVE_ARCH = YES;
				SDKROOT = iphoneos;
				SWIFT_ACTIVE_COMPILATION_CONDITIONS = DEBUG;
				SWIFT_OPTIMIZATION_LEVEL = "-Onone";
			};
			name = Debug;
		};
		43D9013F26808138002A5BDC /* Release */ = {
			isa = XCBuildConfiguration;
			buildSettings = {
				ALWAYS_SEARCH_USER_PATHS = NO;
				CLANG_ANALYZER_NONNULL = YES;
				CLANG_ANALYZER_NUMBER_OBJECT_CONVERSION = YES_AGGRESSIVE;
				CLANG_CXX_LANGUAGE_STANDARD = "gnu++14";
				CLANG_CXX_LIBRARY = "libc++";
				CLANG_ENABLE_MODULES = YES;
				CLANG_ENABLE_OBJC_ARC = YES;
				CLANG_ENABLE_OBJC_WEAK = YES;
				CLANG_WARN_BLOCK_CAPTURE_AUTORELEASING = YES;
				CLANG_WARN_BOOL_CONVERSION = YES;
				CLANG_WARN_COMMA = YES;
				CLANG_WARN_CONSTANT_CONVERSION = YES;
				CLANG_WARN_DEPRECATED_OBJC_IMPLEMENTATIONS = YES;
				CLANG_WARN_DIRECT_OBJC_ISA_USAGE = YES_ERROR;
				CLANG_WARN_DOCUMENTATION_COMMENTS = YES;
				CLANG_WARN_EMPTY_BODY = YES;
				CLANG_WARN_ENUM_CONVERSION = YES;
				CLANG_WARN_INFINITE_RECURSION = YES;
				CLANG_WARN_INT_CONVERSION = YES;
				CLANG_WARN_NON_LITERAL_NULL_CONVERSION = YES;
				CLANG_WARN_OBJC_IMPLICIT_RETAIN_SELF = YES;
				CLANG_WARN_OBJC_LITERAL_CONVERSION = YES;
				CLANG_WARN_OBJC_ROOT_CLASS = YES_ERROR;
				CLANG_WARN_QUOTED_INCLUDE_IN_FRAMEWORK_HEADER = YES;
				CLANG_WARN_RANGE_LOOP_ANALYSIS = YES;
				CLANG_WARN_STRICT_PROTOTYPES = YES;
				CLANG_WARN_SUSPICIOUS_MOVE = YES;
				CLANG_WARN_UNGUARDED_AVAILABILITY = YES_AGGRESSIVE;
				CLANG_WARN_UNREACHABLE_CODE = YES;
				CLANG_WARN__DUPLICATE_METHOD_MATCH = YES;
				COPY_PHASE_STRIP = NO;
				DEBUG_INFORMATION_FORMAT = "dwarf-with-dsym";
				ENABLE_NS_ASSERTIONS = NO;
				ENABLE_STRICT_OBJC_MSGSEND = YES;
				GCC_C_LANGUAGE_STANDARD = gnu11;
				GCC_NO_COMMON_BLOCKS = YES;
				GCC_WARN_64_TO_32_BIT_CONVERSION = YES;
				GCC_WARN_ABOUT_RETURN_TYPE = YES_ERROR;
				GCC_WARN_UNDECLARED_SELECTOR = YES;
				GCC_WARN_UNINITIALIZED_AUTOS = YES_AGGRESSIVE;
				GCC_WARN_UNUSED_FUNCTION = YES;
				GCC_WARN_UNUSED_VARIABLE = YES;
				IPHONEOS_DEPLOYMENT_TARGET = 14.5;
				MTL_ENABLE_DEBUG_INFO = NO;
				MTL_FAST_MATH = YES;
				SDKROOT = iphoneos;
				SWIFT_COMPILATION_MODE = wholemodule;
				SWIFT_OPTIMIZATION_LEVEL = "-O";
				VALIDATE_PRODUCT = YES;
			};
			name = Release;
		};
		43D9014126808138002A5BDC /* Debug */ = {
			isa = XCBuildConfiguration;
			buildSettings = {
				ASSETCATALOG_COMPILER_APPICON_NAME = AppIcon;
				ASSETCATALOG_COMPILER_GLOBAL_ACCENT_COLOR_NAME = AccentColor;
				CODE_SIGN_STYLE = Automatic;
				DEVELOPMENT_ASSET_PATHS = "\"Trening/Preview Content\"";
				DEVELOPMENT_TEAM = X7L83V7V4P;
				ENABLE_PREVIEWS = YES;
				INFOPLIST_FILE = Trening/Info.plist;
				IPHONEOS_DEPLOYMENT_TARGET = 14.0;
				LD_RUNPATH_SEARCH_PATHS = (
					"$(inherited)",
					"@executable_path/Frameworks",
				);
				PRODUCT_BUNDLE_IDENTIFIER = Sergeytsev.Trening;
				PRODUCT_NAME = "$(TARGET_NAME)";
				SWIFT_VERSION = 5.0;
				TARGETED_DEVICE_FAMILY = 1;
			};
			name = Debug;
		};
		43D9014226808138002A5BDC /* Release */ = {
			isa = XCBuildConfiguration;
			buildSettings = {
				ASSETCATALOG_COMPILER_APPICON_NAME = AppIcon;
				ASSETCATALOG_COMPILER_GLOBAL_ACCENT_COLOR_NAME = AccentColor;
				CODE_SIGN_STYLE = Automatic;
				DEVELOPMENT_ASSET_PATHS = "\"Trening/Preview Content\"";
				DEVELOPMENT_TEAM = X7L83V7V4P;
				ENABLE_PREVIEWS = YES;
				INFOPLIST_FILE = Trening/Info.plist;
				IPHONEOS_DEPLOYMENT_TARGET = 14.0;
				LD_RUNPATH_SEARCH_PATHS = (
					"$(inherited)",
					"@executable_path/Frameworks",
				);
				PRODUCT_BUNDLE_IDENTIFIER = Sergeytsev.Trening;
				PRODUCT_NAME = "$(TARGET_NAME)";
				SWIFT_VERSION = 5.0;
				TARGETED_DEVICE_FAMILY = 1;
			};
			name = Release;
		};
/* End XCBuildConfiguration section */

/* Begin XCConfigurationList section */
		43D9012C26808136002A5BDC /* Build configuration list for PBXProject "Trening" */ = {
			isa = XCConfigurationList;
			buildConfigurations = (
				43D9013E26808138002A5BDC /* Debug */,
				43D9013F26808138002A5BDC /* Release */,
			);
			defaultConfigurationIsVisible = 0;
			defaultConfigurationName = Release;
		};
		43D9014026808138002A5BDC /* Build configuration list for PBXNativeTarget "Trening" */ = {
			isa = XCConfigurationList;
			buildConfigurations = (
				43D9014126808138002A5BDC /* Debug */,
				43D9014226808138002A5BDC /* Release */,
			);
			defaultConfigurationIsVisible = 0;
			defaultConfigurationName = Release;
		};
/* End XCConfigurationList section */
	};
	rootObject = 43D9012926808136002A5BDC /* Project object */;
}
